// !$*UTF8*$!
{
	archiveVersion = 1;
	classes = {
	};
	objectVersion = 46;
	objects = {

/* Begin PBXBuildFile section */
		C301C0541C92A67300996D25 /* ComplyTenseView.m in Sources */ = {isa = PBXBuildFile; fileRef = C301C0531C92A67300996D25 /* ComplyTenseView.m */; };
		C3068BCE1C8418F000F88455 /* main.m in Sources */ = {isa = PBXBuildFile; fileRef = C3068BCD1C8418F000F88455 /* main.m */; };
		C3068BD11C8418F000F88455 /* AppDelegate.m in Sources */ = {isa = PBXBuildFile; fileRef = C3068BD01C8418F000F88455 /* AppDelegate.m */; };
		C3068BD91C8418F000F88455 /* Assets.xcassets in Resources */ = {isa = PBXBuildFile; fileRef = C3068BD81C8418F000F88455 /* Assets.xcassets */; };
		C3068BDC1C8418F000F88455 /* LaunchScreen.storyboard in Resources */ = {isa = PBXBuildFile; fileRef = C3068BDA1C8418F000F88455 /* LaunchScreen.storyboard */; };
		C3068BEF1C8419A400F88455 /* UnflappableHeinousController.m in Sources */ = {isa = PBXBuildFile; fileRef = C3068BEC1C8419A400F88455 /* UnflappableHeinousController.m */; };
		C3068BF01C8419A400F88455 /* InvisiblePortugueseCell.m in Sources */ = {isa = PBXBuildFile; fileRef = C3068BEE1C8419A400F88455 /* InvisiblePortugueseCell.m */; };
		C3068BF71C841B5000F88455 /* DolefulExhilarationModel.m in Sources */ = {isa = PBXBuildFile; fileRef = C3068BF61C841B5000F88455 /* DolefulExhilarationModel.m */; };
		C3068BFA1C841C4D00F88455 /* InscriptionModel.m in Sources */ = {isa = PBXBuildFile; fileRef = C3068BF91C841C4D00F88455 /* InscriptionModel.m */; };
		C3068BFD1C841CA800F88455 /* Duty_freeCell.m in Sources */ = {isa = PBXBuildFile; fileRef = C3068BFC1C841CA800F88455 /* Duty_freeCell.m */; };
		C3068C001C841D8E00F88455 /* ReviveModel.m in Sources */ = {isa = PBXBuildFile; fileRef = C3068BFF1C841D8E00F88455 /* ReviveModel.m */; };
		C3068C031C84203500F88455 /* RetentionStressfulModel.m in Sources */ = {isa = PBXBuildFile; fileRef = C3068C021C84203500F88455 /* RetentionStressfulModel.m */; };
		C3068C071C8420F200F88455 /* ElapseConjectureModel.m in Sources */ = {isa = PBXBuildFile; fileRef = C3068C061C8420F200F88455 /* ElapseConjectureModel.m */; };
		C307EB371C910314008D974A /* FetusController.m in Sources */ = {isa = PBXBuildFile; fileRef = C307EB361C910314008D974A /* FetusController.m */; };
		C307EB3A1C910646008D974A /* OdourLeft_handedCell.m in Sources */ = {isa = PBXBuildFile; fileRef = C307EB391C910646008D974A /* OdourLeft_handedCell.m */; };
		C307EB3E1C9106D5008D974A /* JuggernautOptimistHearingView.m in Sources */ = {isa = PBXBuildFile; fileRef = C307EB3C1C9106D5008D974A /* JuggernautOptimistHearingView.m */; };
		C307EB411C910E44008D974A /* JuggernautOptimistHearingView.xib in Resources */ = {isa = PBXBuildFile; fileRef = C307EB401C910E44008D974A /* JuggernautOptimistHearingView.xib */; };
		C307EB481C912306008D974A /* me.jpg in Resources */ = {isa = PBXBuildFile; fileRef = C307EB471C912306008D974A /* me.jpg */; };
		C307EB7E1C914470008D974A /* AlbumComment.png in Resources */ = {isa = PBXBuildFile; fileRef = C307EB6D1C914470008D974A /* AlbumComment.png */; };
		C307EB7F1C914470008D974A /* AlbumOperateMore.png in Resources */ = {isa = PBXBuildFile; fileRef = C307EB6E1C914470008D974A /* AlbumOperateMore.png */; };
		C307EB801C914470008D974A /* AlbumReflashIcon.png in Resources */ = {isa = PBXBuildFile; fileRef = C307EB6F1C914470008D974A /* AlbumReflashIcon.png */; };
		C307EB811C914470008D974A /* pbg.jpg in Resources */ = {isa = PBXBuildFile; fileRef = C307EB711C914470008D974A /* pbg.jpg */; };
		C307EB821C914470008D974A /* pic0.jpg in Resources */ = {isa = PBXBuildFile; fileRef = C307EB721C914470008D974A /* pic0.jpg */; };
		C307EB831C914470008D974A /* pic1.jpg in Resources */ = {isa = PBXBuildFile; fileRef = C307EB731C914470008D974A /* pic1.jpg */; };
		C307EB841C914470008D974A /* pic2.jpg in Resources */ = {isa = PBXBuildFile; fileRef = C307EB741C914470008D974A /* pic2.jpg */; };
		C307EB851C914470008D974A /* pic3.jpg in Resources */ = {isa = PBXBuildFile; fileRef = C307EB751C914470008D974A /* pic3.jpg */; };
		C307EB861C914470008D974A /* pic4.jpg in Resources */ = {isa = PBXBuildFile; fileRef = C307EB761C914470008D974A /* pic4.jpg */; };
		C307EB871C914470008D974A /* pic5.jpg in Resources */ = {isa = PBXBuildFile; fileRef = C307EB771C914470008D974A /* pic5.jpg */; };
		C307EB881C914470008D974A /* pic6.jpg in Resources */ = {isa = PBXBuildFile; fileRef = C307EB781C914470008D974A /* pic6.jpg */; };
		C307EB891C914470008D974A /* pic7.jpg in Resources */ = {isa = PBXBuildFile; fileRef = C307EB791C914470008D974A /* pic7.jpg */; };
		C307EB8A1C914470008D974A /* pic8.jpg in Resources */ = {isa = PBXBuildFile; fileRef = C307EB7A1C914470008D974A /* pic8.jpg */; };
		C307EB8B1C914470008D974A /* picon.jpg in Resources */ = {isa = PBXBuildFile; fileRef = C307EB7B1C914470008D974A /* picon.jpg */; };
		C307EB8C1C914470008D974A /* like.png in Resources */ = {isa = PBXBuildFile; fileRef = C307EB7C1C914470008D974A /* like.png */; };
		C307EB8D1C914470008D974A /* LikeCmtBg.png in Resources */ = {isa = PBXBuildFile; fileRef = C307EB7D1C914470008D974A /* LikeCmtBg.png */; };
		C307EB901C914863008D974A /* BoothModel.m in Sources */ = {isa = PBXBuildFile; fileRef = C307EB8F1C914863008D974A /* BoothModel.m */; };
		C350C0201C9906D300A02263 /* SpliceCatastropheView.swift in Sources */ = {isa = PBXBuildFile; fileRef = C350C01F1C9906D300A02263 /* SpliceCatastropheView.swift */; };
		C350C0231C99070100A02263 /* UIView+WHC_ViewProperty.m in Sources */ = {isa = PBXBuildFile; fileRef = C350C0221C99070100A02263 /* UIView+WHC_ViewProperty.m */; };
		C3D97A561C9804F300ED74CD /* InabilityView.m in Sources */ = {isa = PBXBuildFile; fileRef = C3D97A551C9804F300ED74CD /* InabilityView.m */; };
		C3D97A581C98050F00ED74CD /* InabilityView.xib in Resources */ = {isa = PBXBuildFile; fileRef = C3D97A571C98050F00ED74CD /* InabilityView.xib */; };
		C3F378451C852810003E6462 /* UnenlightenedAppointSubversiveModel.m in Sources */ = {isa = PBXBuildFile; fileRef = C3F378441C852810003E6462 /* UnenlightenedAppointSubversiveModel.m */; };
		C3FEAF451C8697F4008E1E97 /* NeedlessGuileEnlighteningModel.m in Sources */ = {isa = PBXBuildFile; fileRef = C3FEAF431C8697F4008E1E97 /* NeedlessGuileEnlighteningModel.m */; };
		FE2B384C2132F3EA0058C7AD /* ThoroughIdentificationView.swift in Sources */ = {isa = PBXBuildFile; fileRef = FE2B384B2132F3EA0058C7AD /* ThoroughIdentificationView.swift */; };
		FE2B38512133A4AF0058C7AD /* RedoubtableView.m in Sources */ = {isa = PBXBuildFile; fileRef = FE2B38502133A4AE0058C7AD /* RedoubtableView.m */; };
		FE3A38311F413D40008F3534 /* DolefulExhilarationModel.xib in Resources */ = {isa = PBXBuildFile; fileRef = FE3A38301F413D40008F3534 /* DolefulExhilarationModel.xib */; };
		FE49C012213644EA00BC7E6A /* GirthMatController.m in Sources */ = {isa = PBXBuildFile; fileRef = FE49C011213644EA00BC7E6A /* GirthMatController.m */; };
		FE5E270F200F64FA00B6B5E7 /* CALayer+WHC_Frame.m in Sources */ = {isa = PBXBuildFile; fileRef = FE5E2700200F64F900B6B5E7 /* CALayer+WHC_Frame.m */; };
		FE5E2710200F64FA00B6B5E7 /* UIView+WHC_Frame.m in Sources */ = {isa = PBXBuildFile; fileRef = FE5E2702200F64F900B6B5E7 /* UIView+WHC_Frame.m */; };
		FE5E2711200F64FA00B6B5E7 /* WHC_StackView.m in Sources */ = {isa = PBXBuildFile; fileRef = FE5E2705200F64F900B6B5E7 /* WHC_StackView.m */; };
		FE5E2712200F64FA00B6B5E7 /* UITableViewCell+WHC_AutoHeightForCell.m in Sources */ = {isa = PBXBuildFile; fileRef = FE5E2708200F64F900B6B5E7 /* UITableViewCell+WHC_AutoHeightForCell.m */; };
		FE5E2713200F64FA00B6B5E7 /* UIView+WHC_AutoLayout.m in Sources */ = {isa = PBXBuildFile; fileRef = FE5E270B200F64F900B6B5E7 /* UIView+WHC_AutoLayout.m */; };
		FE5E2714200F64FA00B6B5E7 /* UILayoutGuide+WHC_AutoLayout.m in Sources */ = {isa = PBXBuildFile; fileRef = FE5E270E200F64F900B6B5E7 /* UILayoutGuide+WHC_AutoLayout.m */; };
/* End PBXBuildFile section */

/* Begin PBXFileReference section */
		C301C0521C92A67300996D25 /* ComplyTenseView.h */ = {isa = PBXFileReference; fileEncoding = 4; lastKnownFileType = sourcecode.c.h; path = ComplyTenseView.h; sourceTree = "<group>"; };
		C301C0531C92A67300996D25 /* ComplyTenseView.m */ = {isa = PBXFileReference; fileEncoding = 4; lastKnownFileType = sourcecode.c.objc; path = ComplyTenseView.m; sourceTree = "<group>"; };
		C3068BC91C8418F000F88455 /* WHC_AutoLayoutExample.app */ = {isa = PBXFileReference; explicitFileType = wrapper.application; includeInIndex = 0; path = WHC_AutoLayoutExample.app; sourceTree = BUILT_PRODUCTS_DIR; };
		C3068BCD1C8418F000F88455 /* main.m */ = {isa = PBXFileReference; lastKnownFileType = sourcecode.c.objc; path = main.m; sourceTree = "<group>"; };
		C3068BCF1C8418F000F88455 /* AppDelegate.h */ = {isa = PBXFileReference; lastKnownFileType = sourcecode.c.h; path = AppDelegate.h; sourceTree = "<group>"; };
		C3068BD01C8418F000F88455 /* AppDelegate.m */ = {isa = PBXFileReference; lastKnownFileType = sourcecode.c.objc; path = AppDelegate.m; sourceTree = "<group>"; };
		C3068BD81C8418F000F88455 /* Assets.xcassets */ = {isa = PBXFileReference; lastKnownFileType = folder.assetcatalog; path = Assets.xcassets; sourceTree = "<group>"; };
		C3068BDB1C8418F000F88455 /* Base */ = {isa = PBXFileReference; lastKnownFileType = file.storyboard; name = Base; path = Base.lproj/LaunchScreen.storyboard; sourceTree = "<group>"; };
		C3068BDD1C8418F000F88455 /* Info.plist */ = {isa = PBXFileReference; lastKnownFileType = text.plist.xml; path = Info.plist; sourceTree = "<group>"; };
		C3068BEB1C8419A400F88455 /* UnflappableHeinousController.h */ = {isa = PBXFileReference; fileEncoding = 4; lastKnownFileType = sourcecode.c.h; path = UnflappableHeinousController.h; sourceTree = "<group>"; };
		C3068BEC1C8419A400F88455 /* UnflappableHeinousController.m */ = {isa = PBXFileReference; fileEncoding = 4; lastKnownFileType = sourcecode.c.objc; path = UnflappableHeinousController.m; sourceTree = "<group>"; };
		C3068BED1C8419A400F88455 /* InvisiblePortugueseCell.h */ = {isa = PBXFileReference; fileEncoding = 4; lastKnownFileType = sourcecode.c.h; path = InvisiblePortugueseCell.h; sourceTree = "<group>"; };
		C3068BEE1C8419A400F88455 /* InvisiblePortugueseCell.m */ = {isa = PBXFileReference; fileEncoding = 4; lastKnownFileType = sourcecode.c.objc; path = InvisiblePortugueseCell.m; sourceTree = "<group>"; };
		C3068BF51C841B5000F88455 /* DolefulExhilarationModel.h */ = {isa = PBXFileReference; fileEncoding = 4; lastKnownFileType = sourcecode.c.h; path = DolefulExhilarationModel.h; sourceTree = "<group>"; };
		C3068BF61C841B5000F88455 /* DolefulExhilarationModel.m */ = {isa = PBXFileReference; fileEncoding = 4; lastKnownFileType = sourcecode.c.objc; path = DolefulExhilarationModel.m; sourceTree = "<group>"; };
		C3068BF81C841C4D00F88455 /* InscriptionModel.h */ = {isa = PBXFileReference; fileEncoding = 4; lastKnownFileType = sourcecode.c.h; path = InscriptionModel.h; sourceTree = "<group>"; };
		C3068BF91C841C4D00F88455 /* InscriptionModel.m */ = {isa = PBXFileReference; fileEncoding = 4; lastKnownFileType = sourcecode.c.objc; path = InscriptionModel.m; sourceTree = "<group>"; };
		C3068BFB1C841CA800F88455 /* Duty_freeCell.h */ = {isa = PBXFileReference; fileEncoding = 4; lastKnownFileType = sourcecode.c.h; path = Duty_freeCell.h; sourceTree = "<group>"; };
		C3068BFC1C841CA800F88455 /* Duty_freeCell.m */ = {isa = PBXFileReference; fileEncoding = 4; lastKnownFileType = sourcecode.c.objc; path = Duty_freeCell.m; sourceTree = "<group>"; };
		C3068BFE1C841D8E00F88455 /* ReviveModel.h */ = {isa = PBXFileReference; fileEncoding = 4; lastKnownFileType = sourcecode.c.h; path = ReviveModel.h; sourceTree = "<group>"; };
		C3068BFF1C841D8E00F88455 /* ReviveModel.m */ = {isa = PBXFileReference; fileEncoding = 4; lastKnownFileType = sourcecode.c.objc; path = ReviveModel.m; sourceTree = "<group>"; };
		C3068C011C84203500F88455 /* RetentionStressfulModel.h */ = {isa = PBXFileReference; fileEncoding = 4; lastKnownFileType = sourcecode.c.h; path = RetentionStressfulModel.h; sourceTree = "<group>"; };
		C3068C021C84203500F88455 /* RetentionStressfulModel.m */ = {isa = PBXFileReference; fileEncoding = 4; lastKnownFileType = sourcecode.c.objc; path = RetentionStressfulModel.m; sourceTree = "<group>"; };
		C3068C051C8420F200F88455 /* ElapseConjectureModel.h */ = {isa = PBXFileReference; fileEncoding = 4; lastKnownFileType = sourcecode.c.h; path = ElapseConjectureModel.h; sourceTree = "<group>"; };
		C3068C061C8420F200F88455 /* ElapseConjectureModel.m */ = {isa = PBXFileReference; fileEncoding = 4; lastKnownFileType = sourcecode.c.objc; path = ElapseConjectureModel.m; sourceTree = "<group>"; };
		C307EB351C910314008D974A /* FetusController.h */ = {isa = PBXFileReference; fileEncoding = 4; lastKnownFileType = sourcecode.c.h; path = FetusController.h; sourceTree = "<group>"; };
		C307EB361C910314008D974A /* FetusController.m */ = {isa = PBXFileReference; fileEncoding = 4; lastKnownFileType = sourcecode.c.objc; path = FetusController.m; sourceTree = "<group>"; };
		C307EB381C910646008D974A /* OdourLeft_handedCell.h */ = {isa = PBXFileReference; fileEncoding = 4; lastKnownFileType = sourcecode.c.h; path = OdourLeft_handedCell.h; sourceTree = "<group>"; };
		C307EB391C910646008D974A /* OdourLeft_handedCell.m */ = {isa = PBXFileReference; fileEncoding = 4; lastKnownFileType = sourcecode.c.objc; path = OdourLeft_handedCell.m; sourceTree = "<group>"; };
		C307EB3B1C9106D5008D974A /* JuggernautOptimistHearingView.h */ = {isa = PBXFileReference; fileEncoding = 4; lastKnownFileType = sourcecode.c.h; path = JuggernautOptimistHearingView.h; sourceTree = "<group>"; };
		C307EB3C1C9106D5008D974A /* JuggernautOptimistHearingView.m */ = {isa = PBXFileReference; fileEncoding = 4; lastKnownFileType = sourcecode.c.objc; path = JuggernautOptimistHearingView.m; sourceTree = "<group>"; };
		C307EB401C910E44008D974A /* JuggernautOptimistHearingView.xib */ = {isa = PBXFileReference; fileEncoding = 4; lastKnownFileType = file.xib; path = JuggernautOptimistHearingView.xib; sourceTree = "<group>"; };
		C307EB471C912306008D974A /* me.jpg */ = {isa = PBXFileReference; lastKnownFileType = image.jpeg; path = me.jpg; sourceTree = "<group>"; };
		C307EB6D1C914470008D974A /* AlbumComment.png */ = {isa = PBXFileReference; lastKnownFileType = image.png; path = AlbumComment.png; sourceTree = "<group>"; };
		C307EB6E1C914470008D974A /* AlbumOperateMore.png */ = {isa = PBXFileReference; lastKnownFileType = image.png; path = AlbumOperateMore.png; sourceTree = "<group>"; };
		C307EB6F1C914470008D974A /* AlbumReflashIcon.png */ = {isa = PBXFileReference; lastKnownFileType = image.png; path = AlbumReflashIcon.png; sourceTree = "<group>"; };
		C307EB711C914470008D974A /* pbg.jpg */ = {isa = PBXFileReference; lastKnownFileType = image.jpeg; path = pbg.jpg; sourceTree = "<group>"; };
		C307EB721C914470008D974A /* pic0.jpg */ = {isa = PBXFileReference; lastKnownFileType = image.jpeg; path = pic0.jpg; sourceTree = "<group>"; };
		C307EB731C914470008D974A /* pic1.jpg */ = {isa = PBXFileReference; lastKnownFileType = image.jpeg; path = pic1.jpg; sourceTree = "<group>"; };
		C307EB741C914470008D974A /* pic2.jpg */ = {isa = PBXFileReference; lastKnownFileType = image.jpeg; path = pic2.jpg; sourceTree = "<group>"; };
		C307EB751C914470008D974A /* pic3.jpg */ = {isa = PBXFileReference; lastKnownFileType = image.jpeg; path = pic3.jpg; sourceTree = "<group>"; };
		C307EB761C914470008D974A /* pic4.jpg */ = {isa = PBXFileReference; lastKnownFileType = image.jpeg; path = pic4.jpg; sourceTree = "<group>"; };
		C307EB771C914470008D974A /* pic5.jpg */ = {isa = PBXFileReference; lastKnownFileType = image.jpeg; path = pic5.jpg; sourceTree = "<group>"; };
		C307EB781C914470008D974A /* pic6.jpg */ = {isa = PBXFileReference; lastKnownFileType = image.jpeg; path = pic6.jpg; sourceTree = "<group>"; };
		C307EB791C914470008D974A /* pic7.jpg */ = {isa = PBXFileReference; lastKnownFileType = image.jpeg; path = pic7.jpg; sourceTree = "<group>"; };
		C307EB7A1C914470008D974A /* pic8.jpg */ = {isa = PBXFileReference; lastKnownFileType = image.jpeg; path = pic8.jpg; sourceTree = "<group>"; };
		C307EB7B1C914470008D974A /* picon.jpg */ = {isa = PBXFileReference; lastKnownFileType = image.jpeg; path = picon.jpg; sourceTree = "<group>"; };
		C307EB7C1C914470008D974A /* like.png */ = {isa = PBXFileReference; lastKnownFileType = image.png; path = like.png; sourceTree = "<group>"; };
		C307EB7D1C914470008D974A /* LikeCmtBg.png */ = {isa = PBXFileReference; lastKnownFileType = image.png; path = LikeCmtBg.png; sourceTree = "<group>"; };
		C307EB8E1C914863008D974A /* BoothModel.h */ = {isa = PBXFileReference; fileEncoding = 4; lastKnownFileType = sourcecode.c.h; path = BoothModel.h; sourceTree = "<group>"; };
		C307EB8F1C914863008D974A /* BoothModel.m */ = {isa = PBXFileReference; fileEncoding = 4; lastKnownFileType = sourcecode.c.objc; path = BoothModel.m; sourceTree = "<group>"; };
		C350C01E1C9906D200A02263 /* GlassModel.h */ = {isa = PBXFileReference; lastKnownFileType = sourcecode.c.h; path = "GlassModel.h"; sourceTree = "<group>"; };
		C350C01F1C9906D300A02263 /* SpliceCatastropheView.swift */ = {isa = PBXFileReference; fileEncoding = 4; lastKnownFileType = sourcecode.swift; path = SpliceCatastropheView.swift; sourceTree = "<group>"; };
		C350C0211C99070100A02263 /* UIView+WHC_ViewProperty.h */ = {isa = PBXFileReference; fileEncoding = 4; lastKnownFileType = sourcecode.c.h; path = "UIView+WHC_ViewProperty.h"; sourceTree = "<group>"; };
		C350C0221C99070100A02263 /* UIView+WHC_ViewProperty.m */ = {isa = PBXFileReference; fileEncoding = 4; lastKnownFileType = sourcecode.c.objc; path = "UIView+WHC_ViewProperty.m"; sourceTree = "<group>"; };
		C3D97A541C9804F300ED74CD /* InabilityView.h */ = {isa = PBXFileReference; fileEncoding = 4; lastKnownFileType = sourcecode.c.h; path = InabilityView.h; sourceTree = "<group>"; };
		C3D97A551C9804F300ED74CD /* InabilityView.m */ = {isa = PBXFileReference; fileEncoding = 4; lastKnownFileType = sourcecode.c.objc; path = InabilityView.m; sourceTree = "<group>"; };
		C3D97A571C98050F00ED74CD /* InabilityView.xib */ = {isa = PBXFileReference; fileEncoding = 4; lastKnownFileType = file.xib; path = InabilityView.xib; sourceTree = "<group>"; };
		C3F378431C852810003E6462 /* UnenlightenedAppointSubversiveModel.h */ = {isa = PBXFileReference; fileEncoding = 4; lastKnownFileType = sourcecode.c.h; path = UnenlightenedAppointSubversiveModel.h; sourceTree = "<group>"; };
		C3F378441C852810003E6462 /* UnenlightenedAppointSubversiveModel.m */ = {isa = PBXFileReference; fileEncoding = 4; lastKnownFileType = sourcecode.c.objc; path = UnenlightenedAppointSubversiveModel.m; sourceTree = "<group>"; };
		C3FEAF421C8697F4008E1E97 /* NeedlessGuileEnlighteningModel.h */ = {isa = PBXFileReference; fileEncoding = 4; lastKnownFileType = sourcecode.c.h; path = NeedlessGuileEnlighteningModel.h; sourceTree = "<group>"; };
		C3FEAF431C8697F4008E1E97 /* NeedlessGuileEnlighteningModel.m */ = {isa = PBXFileReference; fileEncoding = 4; lastKnownFileType = sourcecode.c.objc; path = NeedlessGuileEnlighteningModel.m; sourceTree = "<group>"; };
		FE2B384B2132F3EA0058C7AD /* ThoroughIdentificationView.swift */ = {isa = PBXFileReference; lastKnownFileType = sourcecode.swift; path = ThoroughIdentificationView.swift; sourceTree = "<group>"; };
		FE2B384F2133A4AE0058C7AD /* RedoubtableView.h */ = {isa = PBXFileReference; lastKnownFileType = sourcecode.c.h; path = RedoubtableView.h; sourceTree = "<group>"; };
		FE2B38502133A4AE0058C7AD /* RedoubtableView.m */ = {isa = PBXFileReference; lastKnownFileType = sourcecode.c.objc; path = RedoubtableView.m; sourceTree = "<group>"; };
		FE3A38301F413D40008F3534 /* DolefulExhilarationModel.xib */ = {isa = PBXFileReference; fileEncoding = 4; lastKnownFileType = file.xib; path = DolefulExhilarationModel.xib; sourceTree = "<group>"; };
		FE49C010213644EA00BC7E6A /* GirthMatController.h */ = {isa = PBXFileReference; lastKnownFileType = sourcecode.c.h; path = GirthMatController.h; sourceTree = "<group>"; };
		FE49C011213644EA00BC7E6A /* GirthMatController.m */ = {isa = PBXFileReference; lastKnownFileType = sourcecode.c.objc; path = GirthMatController.m; sourceTree = "<group>"; };
		FE5E26FF200F64F900B6B5E7 /* CALayer+WHC_Frame.h */ = {isa = PBXFileReference; fileEncoding = 4; lastKnownFileType = sourcecode.c.h; path = "CALayer+WHC_Frame.h"; sourceTree = "<group>"; };
		FE5E2700200F64F900B6B5E7 /* CALayer+WHC_Frame.m */ = {isa = PBXFileReference; fileEncoding = 4; lastKnownFileType = sourcecode.c.objc; path = "CALayer+WHC_Frame.m"; sourceTree = "<group>"; };
		FE5E2701200F64F900B6B5E7 /* UIView+WHC_Frame.h */ = {isa = PBXFileReference; fileEncoding = 4; lastKnownFileType = sourcecode.c.h; path = "UIView+WHC_Frame.h"; sourceTree = "<group>"; };
		FE5E2702200F64F900B6B5E7 /* UIView+WHC_Frame.m */ = {isa = PBXFileReference; fileEncoding = 4; lastKnownFileType = sourcecode.c.objc; path = "UIView+WHC_Frame.m"; sourceTree = "<group>"; };
		FE5E2704200F64F900B6B5E7 /* WHC_StackView.h */ = {isa = PBXFileReference; fileEncoding = 4; lastKnownFileType = sourcecode.c.h; path = WHC_StackView.h; sourceTree = "<group>"; };
		FE5E2705200F64F900B6B5E7 /* WHC_StackView.m */ = {isa = PBXFileReference; fileEncoding = 4; lastKnownFileType = sourcecode.c.objc; path = WHC_StackView.m; sourceTree = "<group>"; };
		FE5E2707200F64F900B6B5E7 /* UITableViewCell+WHC_AutoHeightForCell.h */ = {isa = PBXFileReference; fileEncoding = 4; lastKnownFileType = sourcecode.c.h; path = "UITableViewCell+WHC_AutoHeightForCell.h"; sourceTree = "<group>"; };
		FE5E2708200F64F900B6B5E7 /* UITableViewCell+WHC_AutoHeightForCell.m */ = {isa = PBXFileReference; fileEncoding = 4; lastKnownFileType = sourcecode.c.objc; path = "UITableViewCell+WHC_AutoHeightForCell.m"; sourceTree = "<group>"; };
		FE5E270A200F64F900B6B5E7 /* UIView+WHC_AutoLayout.h */ = {isa = PBXFileReference; fileEncoding = 4; lastKnownFileType = sourcecode.c.h; path = "UIView+WHC_AutoLayout.h"; sourceTree = "<group>"; };
		FE5E270B200F64F900B6B5E7 /* UIView+WHC_AutoLayout.m */ = {isa = PBXFileReference; fileEncoding = 4; lastKnownFileType = sourcecode.c.objc; path = "UIView+WHC_AutoLayout.m"; sourceTree = "<group>"; };
		FE5E270D200F64F900B6B5E7 /* UILayoutGuide+WHC_AutoLayout.h */ = {isa = PBXFileReference; fileEncoding = 4; lastKnownFileType = sourcecode.c.h; path = "UILayoutGuide+WHC_AutoLayout.h"; sourceTree = "<group>"; };
		FE5E270E200F64F900B6B5E7 /* UILayoutGuide+WHC_AutoLayout.m */ = {isa = PBXFileReference; fileEncoding = 4; lastKnownFileType = sourcecode.c.objc; path = "UILayoutGuide+WHC_AutoLayout.m"; sourceTree = "<group>"; };
		FEE8F30A1E9CA4CF00B39B88 /* WHC_AutoLayout.h */ = {isa = PBXFileReference; fileEncoding = 4; lastKnownFileType = sourcecode.c.h; path = WHC_AutoLayout.h; sourceTree = "<group>"; };
		FEE8F3C41E9E0B1900B39B88 /* WHC_AutoLayoutUtilities.h */ = {isa = PBXFileReference; fileEncoding = 4; lastKnownFileType = sourcecode.c.h; path = WHC_AutoLayoutUtilities.h; sourceTree = "<group>"; };
/* End PBXFileReference section */

/* Begin PBXFrameworksBuildPhase section */
		C3068BC61C8418F000F88455 /* Frameworks */ = {
			isa = PBXFrameworksBuildPhase;
			buildActionMask = 2147483647;
			files = (
			);
			runOnlyForDeploymentPostprocessing = 0;
		};
/* End PBXFrameworksBuildPhase section */

/* Begin PBXGroup section */
		C301C0511C92A67300996D25 /* Other */ = {
			isa = PBXGroup;
			children = (
				C350C01F1C9906D300A02263 /* SpliceCatastropheView.swift */,
				FE2B384B2132F3EA0058C7AD /* ThoroughIdentificationView.swift */,
				C301C0521C92A67300996D25 /* ComplyTenseView.h */,
				C301C0531C92A67300996D25 /* ComplyTenseView.m */,
				C350C01E1C9906D200A02263 /* GlassModel.h */,
			);
			path = Other;
			sourceTree = "<group>";
		};
		C3068BC01C8418F000F88455 = {
			isa = PBXGroup;
			children = (
				FEE8F3031E9CA4CF00B39B88 /* WHC_AutoLayout */,
				C3068BCB1C8418F000F88455 /* WHC_AutoLayoutExample */,
				C3068BCA1C8418F000F88455 /* Products */,
			);
			sourceTree = "<group>";
		};
		C3068BCA1C8418F000F88455 /* Products */ = {
			isa = PBXGroup;
			children = (
				C3068BC91C8418F000F88455 /* WHC_AutoLayoutExample.app */,
			);
			name = Products;
			sourceTree = "<group>";
		};
		C3068BCB1C8418F000F88455 /* WHC_AutoLayoutExample */ = {
			isa = PBXGroup;
			children = (
				C3068BCF1C8418F000F88455 /* AppDelegate.h */,
				C3068BD01C8418F000F88455 /* AppDelegate.m */,
				C3068BF11C841B3B00F88455 /* Demo1 */,
				C3068BF21C841B3B00F88455 /* Demo2 */,
				C3068BF31C841B3B00F88455 /* Demo3 */,
				C3068BF41C841B3B00F88455 /* Demo4 */,
				C3068C041C8420DE00F88455 /* Demo5 */,
				C3F378421C8527F8003E6462 /* Demo6 */,
				C3FEAF411C8697D8008E1E97 /* Demo7 */,
				C3068BEA1C8419A400F88455 /* MainVC */,
				C307EB341C9102BC008D974A /* Demo8 */,
				C3068BDA1C8418F000F88455 /* LaunchScreen.storyboard */,
				C3068BD81C8418F000F88455 /* Assets.xcassets */,
				C3068BDD1C8418F000F88455 /* Info.plist */,
				C3068BCC1C8418F000F88455 /* Supporting Files */,
			);
			path = WHC_AutoLayoutExample;
			sourceTree = "<group>";
		};
		C3068BCC1C8418F000F88455 /* Supporting Files */ = {
			isa = PBXGroup;
			children = (
				C3068BCD1C8418F000F88455 /* main.m */,
			);
			name = "Supporting Files";
			sourceTree = "<group>";
		};
		C3068BEA1C8419A400F88455 /* MainVC */ = {
			isa = PBXGroup;
			children = (
				C3068BEB1C8419A400F88455 /* UnflappableHeinousController.h */,
				C3068BEC1C8419A400F88455 /* UnflappableHeinousController.m */,
				C3068BED1C8419A400F88455 /* InvisiblePortugueseCell.h */,
				C3068BEE1C8419A400F88455 /* InvisiblePortugueseCell.m */,
			);
			path = MainVC;
			sourceTree = "<group>";
		};
		C3068BF11C841B3B00F88455 /* Demo1 */ = {
			isa = PBXGroup;
			children = (
				C3068BF51C841B5000F88455 /* DolefulExhilarationModel.h */,
				C3068BF61C841B5000F88455 /* DolefulExhilarationModel.m */,
				FE3A38301F413D40008F3534 /* DolefulExhilarationModel.xib */,
				FE49C010213644EA00BC7E6A /* GirthMatController.h */,
				FE49C011213644EA00BC7E6A /* GirthMatController.m */,
			);
			path = Demo1;
			sourceTree = "<group>";
		};
		C3068BF21C841B3B00F88455 /* Demo2 */ = {
			isa = PBXGroup;
			children = (
				C3068BF81C841C4D00F88455 /* InscriptionModel.h */,
				C3068BF91C841C4D00F88455 /* InscriptionModel.m */,
				C3068BFB1C841CA800F88455 /* Duty_freeCell.h */,
				C3068BFC1C841CA800F88455 /* Duty_freeCell.m */,
			);
			path = Demo2;
			sourceTree = "<group>";
		};
		C3068BF31C841B3B00F88455 /* Demo3 */ = {
			isa = PBXGroup;
			children = (
				C3068BFE1C841D8E00F88455 /* ReviveModel.h */,
				C3068BFF1C841D8E00F88455 /* ReviveModel.m */,
			);
			path = Demo3;
			sourceTree = "<group>";
		};
		C3068BF41C841B3B00F88455 /* Demo4 */ = {
			isa = PBXGroup;
			children = (
				C3068C011C84203500F88455 /* RetentionStressfulModel.h */,
				C3068C021C84203500F88455 /* RetentionStressfulModel.m */,
			);
			path = Demo4;
			sourceTree = "<group>";
		};
		C3068C041C8420DE00F88455 /* Demo5 */ = {
			isa = PBXGroup;
			children = (
				C3068C051C8420F200F88455 /* ElapseConjectureModel.h */,
				C3068C061C8420F200F88455 /* ElapseConjectureModel.m */,
			);
			path = Demo5;
			sourceTree = "<group>";
		};
		C307EB341C9102BC008D974A /* Demo8 */ = {
			isa = PBXGroup;
			children = (
				C301C0511C92A67300996D25 /* Other */,
				C307EB461C912306008D974A /* images */,
				C307EB351C910314008D974A /* FetusController.h */,
				C307EB361C910314008D974A /* FetusController.m */,
				C307EB381C910646008D974A /* OdourLeft_handedCell.h */,
				C307EB391C910646008D974A /* OdourLeft_handedCell.m */,
				FE2B384F2133A4AE0058C7AD /* RedoubtableView.h */,
				FE2B38502133A4AE0058C7AD /* RedoubtableView.m */,
				C3D97A541C9804F300ED74CD /* InabilityView.h */,
				C3D97A551C9804F300ED74CD /* InabilityView.m */,
				C3D97A571C98050F00ED74CD /* InabilityView.xib */,
				C307EB3B1C9106D5008D974A /* JuggernautOptimistHearingView.h */,
				C307EB3C1C9106D5008D974A /* JuggernautOptimistHearingView.m */,
				C307EB401C910E44008D974A /* JuggernautOptimistHearingView.xib */,
				C307EB8E1C914863008D974A /* BoothModel.h */,
				C307EB8F1C914863008D974A /* BoothModel.m */,
			);
			path = Demo8;
			sourceTree = "<group>";
		};
		C307EB461C912306008D974A /* images */ = {
			isa = PBXGroup;
			children = (
				C307EB471C912306008D974A /* me.jpg */,
				C307EB6D1C914470008D974A /* AlbumComment.png */,
				C307EB6E1C914470008D974A /* AlbumOperateMore.png */,
				C307EB6F1C914470008D974A /* AlbumReflashIcon.png */,
				C307EB701C914470008D974A /* demoImage */,
				C307EB7C1C914470008D974A /* like.png */,
				C307EB7D1C914470008D974A /* LikeCmtBg.png */,
			);
			path = images;
			sourceTree = "<group>";
		};
		C307EB701C914470008D974A /* demoImage */ = {
			isa = PBXGroup;
			children = (
				C307EB711C914470008D974A /* pbg.jpg */,
				C307EB721C914470008D974A /* pic0.jpg */,
				C307EB731C914470008D974A /* pic1.jpg */,
				C307EB741C914470008D974A /* pic2.jpg */,
				C307EB751C914470008D974A /* pic3.jpg */,
				C307EB761C914470008D974A /* pic4.jpg */,
				C307EB771C914470008D974A /* pic5.jpg */,
				C307EB781C914470008D974A /* pic6.jpg */,
				C307EB791C914470008D974A /* pic7.jpg */,
				C307EB7A1C914470008D974A /* pic8.jpg */,
				C307EB7B1C914470008D974A /* picon.jpg */,
			);
			path = demoImage;
			sourceTree = "<group>";
		};
		C3F378421C8527F8003E6462 /* Demo6 */ = {
			isa = PBXGroup;
			children = (
				C3F378431C852810003E6462 /* UnenlightenedAppointSubversiveModel.h */,
				C3F378441C852810003E6462 /* UnenlightenedAppointSubversiveModel.m */,
			);
			path = Demo6;
			sourceTree = "<group>";
		};
		C3FEAF411C8697D8008E1E97 /* Demo7 */ = {
			isa = PBXGroup;
			children = (
				C3FEAF421C8697F4008E1E97 /* NeedlessGuileEnlighteningModel.h */,
				C3FEAF431C8697F4008E1E97 /* NeedlessGuileEnlighteningModel.m */,
			);
			path = Demo7;
			sourceTree = "<group>";
		};
		FE5E26FE200F64F900B6B5E7 /* Frame */ = {
			isa = PBXGroup;
			children = (
				FE5E26FF200F64F900B6B5E7 /* CALayer+WHC_Frame.h */,
				FE5E2700200F64F900B6B5E7 /* CALayer+WHC_Frame.m */,
				FE5E2701200F64F900B6B5E7 /* UIView+WHC_Frame.h */,
				FE5E2702200F64F900B6B5E7 /* UIView+WHC_Frame.m */,
			);
			path = Frame;
			sourceTree = "<group>";
		};
		FE5E2703200F64F900B6B5E7 /* StackView */ = {
			isa = PBXGroup;
			children = (
				FE5E2704200F64F900B6B5E7 /* WHC_StackView.h */,
				FE5E2705200F64F900B6B5E7 /* WHC_StackView.m */,
			);
			path = StackView;
			sourceTree = "<group>";
		};
		FE5E2706200F64F900B6B5E7 /* AutoCellHeight */ = {
			isa = PBXGroup;
			children = (
				FE5E2707200F64F900B6B5E7 /* UITableViewCell+WHC_AutoHeightForCell.h */,
				FE5E2708200F64F900B6B5E7 /* UITableViewCell+WHC_AutoHeightForCell.m */,
			);
			path = AutoCellHeight;
			sourceTree = "<group>";
		};
		FE5E2709200F64F900B6B5E7 /* LayoutView */ = {
			isa = PBXGroup;
			children = (
				FE5E270A200F64F900B6B5E7 /* UIView+WHC_AutoLayout.h */,
				FE5E270B200F64F900B6B5E7 /* UIView+WHC_AutoLayout.m */,
			);
			path = LayoutView;
			sourceTree = "<group>";
		};
		FE5E270C200F64F900B6B5E7 /* LayoutGuide */ = {
			isa = PBXGroup;
			children = (
				FE5E270D200F64F900B6B5E7 /* UILayoutGuide+WHC_AutoLayout.h */,
				FE5E270E200F64F900B6B5E7 /* UILayoutGuide+WHC_AutoLayout.m */,
			);
			path = LayoutGuide;
			sourceTree = "<group>";
		};
		FE5E2715201035C500B6B5E7 /* Util */ = {
			isa = PBXGroup;
			children = (
				FEE8F3C41E9E0B1900B39B88 /* WHC_AutoLayoutUtilities.h */,
			);
			path = Util;
			sourceTree = "<group>";
		};
		FEE8F3031E9CA4CF00B39B88 /* WHC_AutoLayout */ = {
			isa = PBXGroup;
			children = (
				C350C0211C99070100A02263 /* UIView+WHC_ViewProperty.h */,
				C350C0221C99070100A02263 /* UIView+WHC_ViewProperty.m */,
				FE5E2715201035C500B6B5E7 /* Util */,
				FE5E2706200F64F900B6B5E7 /* AutoCellHeight */,
				FE5E26FE200F64F900B6B5E7 /* Frame */,
				FE5E270C200F64F900B6B5E7 /* LayoutGuide */,
				FE5E2703200F64F900B6B5E7 /* StackView */,
				FE5E2709200F64F900B6B5E7 /* LayoutView */,
				FEE8F30A1E9CA4CF00B39B88 /* WHC_AutoLayout.h */,
			);
			path = WHC_AutoLayout;
			sourceTree = "<group>";
		};
/* End PBXGroup section */

/* Begin PBXNativeTarget section */
		C3068BC81C8418F000F88455 /* WHC_AutoLayoutExample */ = {
			isa = PBXNativeTarget;
			buildConfigurationList = C3068BE01C8418F000F88455 /* Build configuration list for PBXNativeTarget "WHC_AutoLayoutExample" */;
			buildPhases = (
				C3068BC51C8418F000F88455 /* Sources */,
				C3068BC61C8418F000F88455 /* Frameworks */,
				C3068BC71C8418F000F88455 /* Resources */,
			);
			buildRules = (
			);
			dependencies = (
			);
			name = WHC_AutoLayoutExample;
			productName = WHC_AutoLayoutExample;
			productReference = C3068BC91C8418F000F88455 /* WHC_AutoLayoutExample.app */;
			productType = "com.apple.product-type.application";
		};
/* End PBXNativeTarget section */

/* Begin PBXProject section */
		C3068BC11C8418F000F88455 /* Project object */ = {
			isa = PBXProject;
			attributes = {
				LastUpgradeCheck = 0720;
				ORGANIZATIONNAME = "吴海超";
				TargetAttributes = {
					C3068BC81C8418F000F88455 = {
						CreatedOnToolsVersion = 7.2;
						DevelopmentTeam = QTG6US7F39;
						LastSwiftMigration = 0920;
					};
				};
			};
			buildConfigurationList = C3068BC41C8418F000F88455 /* Build configuration list for PBXProject "WHC_AutoLayoutExample" */;
			compatibilityVersion = "Xcode 3.2";
			developmentRegion = English;
			hasScannedForEncodings = 0;
			knownRegions = (
				en,
				Base,
			);
			mainGroup = C3068BC01C8418F000F88455;
			productRefGroup = C3068BCA1C8418F000F88455 /* Products */;
			projectDirPath = "";
			projectRoot = "";
			targets = (
				C3068BC81C8418F000F88455 /* WHC_AutoLayoutExample */,
			);
		};
/* End PBXProject section */

/* Begin PBXResourcesBuildPhase section */
		C3068BC71C8418F000F88455 /* Resources */ = {
			isa = PBXResourcesBuildPhase;
			buildActionMask = 2147483647;
			files = (
				C307EB8C1C914470008D974A /* like.png in Resources */,
				C307EB7F1C914470008D974A /* AlbumOperateMore.png in Resources */,
				C307EB831C914470008D974A /* pic1.jpg in Resources */,
				C307EB8B1C914470008D974A /* picon.jpg in Resources */,
				FE3A38311F413D40008F3534 /* DolefulExhilarationModel.xib in Resources */,
				C3068BDC1C8418F000F88455 /* LaunchScreen.storyboard in Resources */,
				C307EB8A1C914470008D974A /* pic8.jpg in Resources */,
				C3D97A581C98050F00ED74CD /* InabilityView.xib in Resources */,
				C307EB851C914470008D974A /* pic3.jpg in Resources */,
				C307EB841C914470008D974A /* pic2.jpg in Resources */,
				C307EB411C910E44008D974A /* JuggernautOptimistHearingView.xib in Resources */,
				C307EB891C914470008D974A /* pic7.jpg in Resources */,
				C307EB871C914470008D974A /* pic5.jpg in Resources */,
				C307EB861C914470008D974A /* pic4.jpg in Resources */,
				C307EB881C914470008D974A /* pic6.jpg in Resources */,
				C307EB7E1C914470008D974A /* AlbumComment.png in Resources */,
				C3068BD91C8418F000F88455 /* Assets.xcassets in Resources */,
				C307EB8D1C914470008D974A /* LikeCmtBg.png in Resources */,
				C307EB821C914470008D974A /* pic0.jpg in Resources */,
				C307EB481C912306008D974A /* me.jpg in Resources */,
				C307EB801C914470008D974A /* AlbumReflashIcon.png in Resources */,
				C307EB811C914470008D974A /* pbg.jpg in Resources */,
			);
			runOnlyForDeploymentPostprocessing = 0;
		};
/* End PBXResourcesBuildPhase section */

/* Begin PBXSourcesBuildPhase section */
		C3068BC51C8418F000F88455 /* Sources */ = {
			isa = PBXSourcesBuildPhase;
			buildActionMask = 2147483647;
			files = (
				C350C0201C9906D300A02263 /* SpliceCatastropheView.swift in Sources */,
				C3F378451C852810003E6462 /* UnenlightenedAppointSubversiveModel.m in Sources */,
				C301C0541C92A67300996D25 /* ComplyTenseView.m in Sources */,
				C307EB371C910314008D974A /* FetusController.m in Sources */,
				C307EB3A1C910646008D974A /* OdourLeft_handedCell.m in Sources */,
				C3068C071C8420F200F88455 /* ElapseConjectureModel.m in Sources */,
				FE5E2711200F64FA00B6B5E7 /* WHC_StackView.m in Sources */,
				C3068BF01C8419A400F88455 /* InvisiblePortugueseCell.m in Sources */,
				FE5E2712200F64FA00B6B5E7 /* UITableViewCell+WHC_AutoHeightForCell.m in Sources */,
				C3068BF71C841B5000F88455 /* DolefulExhilarationModel.m in Sources */,
				C3D97A561C9804F300ED74CD /* InabilityView.m in Sources */,
				FE5E2710200F64FA00B6B5E7 /* UIView+WHC_Frame.m in Sources */,
				C307EB901C914863008D974A /* BoothModel.m in Sources */,
				FE5E2713200F64FA00B6B5E7 /* UIView+WHC_AutoLayout.m in Sources */,
				C3068C001C841D8E00F88455 /* ReviveModel.m in Sources */,
				C3068C031C84203500F88455 /* RetentionStressfulModel.m in Sources */,
				C3068BD11C8418F000F88455 /* AppDelegate.m in Sources */,
				FE49C012213644EA00BC7E6A /* GirthMatController.m in Sources */,
				C3068BFA1C841C4D00F88455 /* InscriptionModel.m in Sources */,
				C350C0231C99070100A02263 /* UIView+WHC_ViewProperty.m in Sources */,
				C3068BFD1C841CA800F88455 /* Duty_freeCell.m in Sources */,
				C307EB3E1C9106D5008D974A /* JuggernautOptimistHearingView.m in Sources */,
				C3068BEF1C8419A400F88455 /* UnflappableHeinousController.m in Sources */,
				FE5E2714200F64FA00B6B5E7 /* UILayoutGuide+WHC_AutoLayout.m in Sources */,
				FE2B38512133A4AF0058C7AD /* RedoubtableView.m in Sources */,
				C3068BCE1C8418F000F88455 /* main.m in Sources */,
				FE2B384C2132F3EA0058C7AD /* ThoroughIdentificationView.swift in Sources */,
				C3FEAF451C8697F4008E1E97 /* NeedlessGuileEnlighteningModel.m in Sources */,
				FE5E270F200F64FA00B6B5E7 /* CALayer+WHC_Frame.m in Sources */,
			);
			runOnlyForDeploymentPostprocessing = 0;
		};
/* End PBXSourcesBuildPhase section */

/* Begin PBXVariantGroup section */
		C3068BDA1C8418F000F88455 /* LaunchScreen.storyboard */ = {
			isa = PBXVariantGroup;
			children = (
				C3068BDB1C8418F000F88455 /* Base */,
			);
			name = LaunchScreen.storyboard;
			sourceTree = "<group>";
		};
/* End PBXVariantGroup section */

/* Begin XCBuildConfiguration section */
		C3068BDE1C8418F000F88455 /* Debug */ = {
			isa = XCBuildConfiguration;
			buildSettings = {
				ALWAYS_SEARCH_USER_PATHS = NO;
				CLANG_CXX_LANGUAGE_STANDARD = "gnu++0x";
				CLANG_CXX_LIBRARY = "libc++";
				CLANG_ENABLE_MODULES = YES;
				CLANG_ENABLE_OBJC_ARC = YES;
				CLANG_WARN_BOOL_CONVERSION = YES;
				CLANG_WARN_CONSTANT_CONVERSION = YES;
				CLANG_WARN_DIRECT_OBJC_ISA_USAGE = YES_ERROR;
				CLANG_WARN_EMPTY_BODY = YES;
				CLANG_WARN_ENUM_CONVERSION = YES;
				CLANG_WARN_INT_CONVERSION = YES;
				CLANG_WARN_OBJC_ROOT_CLASS = YES_ERROR;
				CLANG_WARN_UNREACHABLE_CODE = YES;
				CLANG_WARN__DUPLICATE_METHOD_MATCH = YES;
				"CODE_SIGN_IDENTITY[sdk=iphoneos*]" = "iPhone Developer";
				COPY_PHASE_STRIP = NO;
				DEBUG_INFORMATION_FORMAT = dwarf;
				ENABLE_STRICT_OBJC_MSGSEND = YES;
				ENABLE_TESTABILITY = YES;
				GCC_C_LANGUAGE_STANDARD = gnu99;
				GCC_DYNAMIC_NO_PIC = NO;
				GCC_NO_COMMON_BLOCKS = YES;
				GCC_OPTIMIZATION_LEVEL = 0;
				GCC_PREPROCESSOR_DEFINITIONS = (
					"DEBUG=1",
					"$(inherited)",
				);
				GCC_WARN_64_TO_32_BIT_CONVERSION = YES;
				GCC_WARN_ABOUT_RETURN_TYPE = YES_ERROR;
				GCC_WARN_UNDECLARED_SELECTOR = YES;
				GCC_WARN_UNINITIALIZED_AUTOS = YES_AGGRESSIVE;
				GCC_WARN_UNUSED_FUNCTION = YES;
				GCC_WARN_UNUSED_VARIABLE = YES;
				IPHONEOS_DEPLOYMENT_TARGET = 9.0;
				MTL_ENABLE_DEBUG_INFO = YES;
				ONLY_ACTIVE_ARCH = YES;
				SDKROOT = iphoneos;
			};
			name = Debug;
		};
		C3068BDF1C8418F000F88455 /* Release */ = {
			isa = XCBuildConfiguration;
			buildSettings = {
				ALWAYS_SEARCH_USER_PATHS = NO;
				CLANG_CXX_LANGUAGE_STANDARD = "gnu++0x";
				CLANG_CXX_LIBRARY = "libc++";
				CLANG_ENABLE_MODULES = YES;
				CLANG_ENABLE_OBJC_ARC = YES;
				CLANG_WARN_BOOL_CONVERSION = YES;
				CLANG_WARN_CONSTANT_CONVERSION = YES;
				CLANG_WARN_DIRECT_OBJC_ISA_USAGE = YES_ERROR;
				CLANG_WARN_EMPTY_BODY = YES;
				CLANG_WARN_ENUM_CONVERSION = YES;
				CLANG_WARN_INT_CONVERSION = YES;
				CLANG_WARN_OBJC_ROOT_CLASS = YES_ERROR;
				CLANG_WARN_UNREACHABLE_CODE = YES;
				CLANG_WARN__DUPLICATE_METHOD_MATCH = YES;
				"CODE_SIGN_IDENTITY[sdk=iphoneos*]" = "iPhone Developer";
				COPY_PHASE_STRIP = NO;
				DEBUG_INFORMATION_FORMAT = "dwarf-with-dsym";
				ENABLE_NS_ASSERTIONS = NO;
				ENABLE_STRICT_OBJC_MSGSEND = YES;
				GCC_C_LANGUAGE_STANDARD = gnu99;
				GCC_NO_COMMON_BLOCKS = YES;
				GCC_WARN_64_TO_32_BIT_CONVERSION = YES;
				GCC_WARN_ABOUT_RETURN_TYPE = YES_ERROR;
				GCC_WARN_UNDECLARED_SELECTOR = YES;
				GCC_WARN_UNINITIALIZED_AUTOS = YES_AGGRESSIVE;
				GCC_WARN_UNUSED_FUNCTION = YES;
				GCC_WARN_UNUSED_VARIABLE = YES;
				IPHONEOS_DEPLOYMENT_TARGET = 9.0;
				MTL_ENABLE_DEBUG_INFO = NO;
				SDKROOT = iphoneos;
				VALIDATE_PRODUCT = YES;
			};
			name = Release;
		};
		C3068BE11C8418F000F88455 /* Debug */ = {
			isa = XCBuildConfiguration;
			buildSettings = {
				ASSETCATALOG_COMPILER_APPICON_NAME = AppIcon;
				CLANG_ENABLE_MODULES = YES;
				DEVELOPMENT_TEAM = QTG6US7F39;
				INFOPLIST_FILE = WHC_AutoLayoutExample/Info.plist;
				IPHONEOS_DEPLOYMENT_TARGET = 9.0;
				LD_RUNPATH_SEARCH_PATHS = "$(inherited) @executable_path/Frameworks";
				PRODUCT_BUNDLE_IDENTIFIER = "---.WHC-AutoLayoutExample";
				PRODUCT_NAME = "$(TARGET_NAME)";
				SWIFT_OBJC_BRIDGING_HEADER = "WHC_AutoLayoutExample/Demo8/Other/GlassModel.h";
				SWIFT_OPTIMIZATION_LEVEL = "-Onone";
				SWIFT_SWIFT3_OBJC_INFERENCE = On;
				SWIFT_VERSION = 4.0;
			};
			name = Debug;
		};
		C3068BE21C8418F000F88455 /* Release */ = {
			isa = XCBuildConfiguration;
			buildSettings = {
				ASSETCATALOG_COMPILER_APPICON_NAME = AppIcon;
				CLANG_ENABLE_MODULES = YES;
				DEVELOPMENT_TEAM = QTG6US7F39;
				INFOPLIST_FILE = WHC_AutoLayoutExample/Info.plist;
				IPHONEOS_DEPLOYMENT_TARGET = 9.0;
				LD_RUNPATH_SEARCH_PATHS = "$(inherited) @executable_path/Frameworks";
				PRODUCT_BUNDLE_IDENTIFIER = "---.WHC-AutoLayoutExample";
				PRODUCT_NAME = "$(TARGET_NAME)";
				SWIFT_OBJC_BRIDGING_HEADER = "WHC_AutoLayoutExample/Demo8/Other/GlassModel.h";
				SWIFT_SWIFT3_OBJC_INFERENCE = On;
				SWIFT_VERSION = 4.0;
			};
			name = Release;
		};
/* End XCBuildConfiguration section */

/* Begin XCConfigurationList section */
		C3068BC41C8418F000F88455 /* Build configuration list for PBXProject "WHC_AutoLayoutExample" */ = {
			isa = XCConfigurationList;
			buildConfigurations = (
				C3068BDE1C8418F000F88455 /* Debug */,
				C3068BDF1C8418F000F88455 /* Release */,
			);
			defaultConfigurationIsVisible = 0;
			defaultConfigurationName = Release;
		};
		C3068BE01C8418F000F88455 /* Build configuration list for PBXNativeTarget "WHC_AutoLayoutExample" */ = {
			isa = XCConfigurationList;
			buildConfigurations = (
				C3068BE11C8418F000F88455 /* Debug */,
				C3068BE21C8418F000F88455 /* Release */,
			);
			defaultConfigurationIsVisible = 0;
			defaultConfigurationName = Release;
		};
/* End XCConfigurationList section */
	};
	rootObject = C3068BC11C8418F000F88455 /* Project object */;
}
